
Microsoft Visual Studio Solution File, Format Version 12.00
# Visual Studio Version 16
VisualStudioVersion = 16.0.29411.108
MinimumVisualStudioVersion = 10.0.40219.1
Project("{FAE04EC0-301F-11D3-BF4B-00C04F79EFBC}") = "RZA", "RZA\RZA.csproj", "{B0478A92-70F4-418F-81E4-52073AD7583C}"
EndProject
Global
	GlobalSection(SolutionConfigurationPlatforms) = preSolution
		Debug|Any CPU = Debug|Any CPU
		Release|Any CPU = Release|Any CPU
	EndGlobalSection
	GlobalSection(ProjectConfigurationPlatforms) = postSolution
		{B0478A92-70F4-418F-81E4-52073AD7583C}.Debug|Any CPU.ActiveCfg = Debug|Any CPU
		{B0478A92-70F4-418F-81E4-52073AD7583C}.Debug|Any CPU.Build.0 = Debug|Any CPU
		{B0478A92-70F4-418F-81E4-52073AD7583C}.Release|Any CPU.ActiveCfg = Release|Any CPU
		{B0478A92-70F4-418F-81E4-52073AD7583C}.Release|Any CPU.Build.0 = Release|Any CPU
	EndGlobalSection
	GlobalSection(SolutionProperties) = preSolution
		HideSolutionNode = FALSE
	EndGlobalSection
	GlobalSection(ExtensibilityGlobals) = postSolution
		SolutionGuid = {ED12D5C1-3C7E-4050-920E-6F326A483600}
	EndGlobalSection
EndGlobal
